
Microsoft Visual Studio Solution File, Format Version 12.00
# Visual Studio 15
VisualStudioVersion = 15.0.28307.329
MinimumVisualStudioVersion = 10.0.40219.1
Project("{8BC9CEB8-8B4A-11D0-8D11-00A0C91BC942}") = "AspNetCore", "AspNetCore\AspNetCore.vcxproj", "{EC82302F-D2F0-4727-99D1-EABC0DD9DC3B}"
EndProject
Project("{2150E333-8FDC-42A3-9474-1A3956D46DE8}") = "Solution Items", "Solution Items", "{32B4DDBA-A269-4BE2-BE2F-6818235A778F}"
EndProject
Project("{8BC9CEB8-8B4A-11D0-8D11-00A0C91BC942}") = "IISLib", "IISLib\IISLib.vcxproj", "{09D9D1D6-2951-4E14-BC35-76A23CF9391A}"
EndProject
Project("{8BC9CEB8-8B4A-11D0-8D11-00A0C91BC942}") = "CommonLib", "CommonLib\CommonLib.vcxproj", "{55494E58-E061-4C4C-A0A8-837008E72F85}"
EndProject
Global
	GlobalSection(SolutionConfigurationPlatforms) = preSolution
		Debug|x64 = Debug|x64
		Debug|x86 = Debug|x86
		Release|x64 = Release|x64
		Release|x86 = Release|x86
	EndGlobalSection
	GlobalSection(ProjectConfigurationPlatforms) = postSolution
		{EC82302F-D2F0-4727-99D1-EABC0DD9DC3B}.Debug|x64.ActiveCfg = Debug|x64
		{EC82302F-D2F0-4727-99D1-EABC0DD9DC3B}.Debug|x64.Build.0 = Debug|x64
		{EC82302F-D2F0-4727-99D1-EABC0DD9DC3B}.Debug|x86.ActiveCfg = Debug|Win32
		{EC82302F-D2F0-4727-99D1-EABC0DD9DC3B}.Debug|x86.Build.0 = Debug|Win32
		{EC82302F-D2F0-4727-99D1-EABC0DD9DC3B}.Release|x64.ActiveCfg = Release|x64
		{EC82302F-D2F0-4727-99D1-EABC0DD9DC3B}.Release|x64.Build.0 = Release|x64
		{EC82302F-D2F0-4727-99D1-EABC0DD9DC3B}.Release|x86.ActiveCfg = Release|Win32
		{EC82302F-D2F0-4727-99D1-EABC0DD9DC3B}.Release|x86.Build.0 = Release|Win32
		{09D9D1D6-2951-4E14-BC35-76A23CF9391A}.Debug|x64.ActiveCfg = Debug|x64
		{09D9D1D6-2951-4E14-BC35-76A23CF9391A}.Debug|x64.Build.0 = Debug|x64
		{09D9D1D6-2951-4E14-BC35-76A23CF9391A}.Debug|x86.ActiveCfg = Debug|Win32
		{09D9D1D6-2951-4E14-BC35-76A23CF9391A}.Debug|x86.Build.0 = Debug|Win32
		{09D9D1D6-2951-4E14-BC35-76A23CF9391A}.Release|x64.ActiveCfg = Release|x64
		{09D9D1D6-2951-4E14-BC35-76A23CF9391A}.Release|x64.Build.0 = Release|x64
		{09D9D1D6-2951-4E14-BC35-76A23CF9391A}.Release|x86.ActiveCfg = Release|Win32
		{09D9D1D6-2951-4E14-BC35-76A23CF9391A}.Release|x86.Build.0 = Release|Win32
		{55494E58-E061-4C4C-A0A8-837008E72F85}.Debug|x64.ActiveCfg = Debug|x64
		{55494E58-E061-4C4C-A0A8-837008E72F85}.Debug|x64.Build.0 = Debug|x64
		{55494E58-E061-4C4C-A0A8-837008E72F85}.Debug|x86.ActiveCfg = Debug|Win32
		{55494E58-E061-4C4C-A0A8-837008E72F85}.Debug|x86.Build.0 = Debug|Win32
		{55494E58-E061-4C4C-A0A8-837008E72F85}.Release|x64.ActiveCfg = Release|x64
		{55494E58-E061-4C4C-A0A8-837008E72F85}.Release|x64.Build.0 = Release|x64
		{55494E58-E061-4C4C-A0A8-837008E72F85}.Release|x86.ActiveCfg = Release|Win32
		{55494E58-E061-4C4C-A0A8-837008E72F85}.Release|x86.Build.0 = Release|Win32
	EndGlobalSection
	GlobalSection(SolutionProperties) = preSolution
		HideSolutionNode = FALSE
	EndGlobalSection
	GlobalSection(ExtensibilityGlobals) = postSolution
		SolutionGuid = {1E59ADCA-26DC-4B97-946D-B47C4B5289A4}
	EndGlobalSection
EndGlobal
